
Microsoft Visual Studio Solution File, Format Version 12.00
# Visual Studio 15
VisualStudioVersion = 15.0.26228.4
MinimumVisualStudioVersion = 10.0.40219.1
Project("{FAE04EC0-301F-11D3-BF4B-00C04F79EFBC}") = "UserWebAPI", "UserWebAPI\UserWebAPI.csproj", "{49D32A01-0E10-4BAA-A2A4-9D724B4BEFBB}"
EndProject
Project("{FAE04EC0-301F-11D3-BF4B-00C04F79EFBC}") = "WebAPITestProject", "WebAPITestProject\WebAPITestProject.csproj", "{24DA62A9-9C24-434E-B2CA-7E02AD8DC821}"
EndProject
Global
	GlobalSection(SolutionConfigurationPlatforms) = preSolution
		Debug|Any CPU = Debug|Any CPU
		Release|Any CPU = Release|Any CPU
	EndGlobalSection
	GlobalSection(ProjectConfigurationPlatforms) = postSolution
		{49D32A01-0E10-4BAA-A2A4-9D724B4BEFBB}.Debug|Any CPU.ActiveCfg = Debug|Any CPU
		{49D32A01-0E10-4BAA-A2A4-9D724B4BEFBB}.Debug|Any CPU.Build.0 = Debug|Any CPU
		{49D32A01-0E10-4BAA-A2A4-9D724B4BEFBB}.Release|Any CPU.ActiveCfg = Release|Any CPU
		{49D32A01-0E10-4BAA-A2A4-9D724B4BEFBB}.Release|Any CPU.Build.0 = Release|Any CPU
		{24DA62A9-9C24-434E-B2CA-7E02AD8DC821}.Debug|Any CPU.ActiveCfg = Debug|Any CPU
		{24DA62A9-9C24-434E-B2CA-7E02AD8DC821}.Debug|Any CPU.Build.0 = Debug|Any CPU
		{24DA62A9-9C24-434E-B2CA-7E02AD8DC821}.Release|Any CPU.ActiveCfg = Release|Any CPU
		{24DA62A9-9C24-434E-B2CA-7E02AD8DC821}.Release|Any CPU.Build.0 = Release|Any CPU
	EndGlobalSection
	GlobalSection(SolutionProperties) = preSolution
		HideSolutionNode = FALSE
	EndGlobalSection
EndGlobal
